
Microsoft Visual Studio Solution File, Format Version 12.00
# Visual Studio Version 17
VisualStudioVersion = 17.0.31903.59
MinimumVisualStudioVersion = 10.0.40219.1
Project("{2150E333-8FDC-42A3-9474-1A3956D46DE8}") = "Games", "Games", "{04252BA6-B404-FD3B-81B5-D989EEE58EED}"
EndProject
Project("{FAE04EC0-301F-11D3-BF4B-00C04F79EFBC}") = "Minesweeper", "Games\Minesweeper\Minesweeper.csproj", "{990F208B-8E20-4798-9297-7BB9C2C2D78E}"
EndProject
Project("{2150E333-8FDC-42A3-9474-1A3956D46DE8}") = "Tests", "Tests", "{0AB3BF05-4346-4AA6-1389-037BE0695223}"
EndProject
Project("{2150E333-8FDC-42A3-9474-1A3956D46DE8}") = "Minesweeper", "Minesweeper", "{C001F07B-93E5-D40E-F153-5EC71665596B}"
EndProject
Project("{FAE04EC0-301F-11D3-BF4B-00C04F79EFBC}") = "Minesweeper.Tests", "Tests\Minesweeper\Minesweeper.Tests.csproj", "{6DD1A8AC-D1B1-4C6B-A70B-C2C01DD014E0}"
EndProject
Global
	GlobalSection(SolutionConfigurationPlatforms) = preSolution
		Debug|Any CPU = Debug|Any CPU
		Debug|x64 = Debug|x64
		Debug|x86 = Debug|x86
		Release|Any CPU = Release|Any CPU
		Release|x64 = Release|x64
		Release|x86 = Release|x86
	EndGlobalSection
	GlobalSection(ProjectConfigurationPlatforms) = postSolution
		{990F208B-8E20-4798-9297-7BB9C2C2D78E}.Debug|Any CPU.ActiveCfg = Debug|Any CPU
		{990F208B-8E20-4798-9297-7BB9C2C2D78E}.Debug|Any CPU.Build.0 = Debug|Any CPU
		{990F208B-8E20-4798-9297-7BB9C2C2D78E}.Debug|x64.ActiveCfg = Debug|Any CPU
		{990F208B-8E20-4798-9297-7BB9C2C2D78E}.Debug|x64.Build.0 = Debug|Any CPU
		{990F208B-8E20-4798-9297-7BB9C2C2D78E}.Debug|x86.ActiveCfg = Debug|Any CPU
		{990F208B-8E20-4798-9297-7BB9C2C2D78E}.Debug|x86.Build.0 = Debug|Any CPU
		{990F208B-8E20-4798-9297-7BB9C2C2D78E}.Release|Any CPU.ActiveCfg = Release|Any CPU
		{990F208B-8E20-4798-9297-7BB9C2C2D78E}.Release|Any CPU.Build.0 = Release|Any CPU
		{990F208B-8E20-4798-9297-7BB9C2C2D78E}.Release|x64.ActiveCfg = Release|Any CPU
		{990F208B-8E20-4798-9297-7BB9C2C2D78E}.Release|x64.Build.0 = Release|Any CPU
		{990F208B-8E20-4798-9297-7BB9C2C2D78E}.Release|x86.ActiveCfg = Release|Any CPU
		{990F208B-8E20-4798-9297-7BB9C2C2D78E}.Release|x86.Build.0 = Release|Any CPU
		{6DD1A8AC-D1B1-4C6B-A70B-C2C01DD014E0}.Debug|Any CPU.ActiveCfg = Debug|Any CPU
		{6DD1A8AC-D1B1-4C6B-A70B-C2C01DD014E0}.Debug|Any CPU.Build.0 = Debug|Any CPU
		{6DD1A8AC-D1B1-4C6B-A70B-C2C01DD014E0}.Debug|x64.ActiveCfg = Debug|Any CPU
		{6DD1A8AC-D1B1-4C6B-A70B-C2C01DD014E0}.Debug|x64.Build.0 = Debug|Any CPU
		{6DD1A8AC-D1B1-4C6B-A70B-C2C01DD014E0}.Debug|x86.ActiveCfg = Debug|Any CPU
		{6DD1A8AC-D1B1-4C6B-A70B-C2C01DD014E0}.Debug|x86.Build.0 = Debug|Any CPU
		{6DD1A8AC-D1B1-4C6B-A70B-C2C01DD014E0}.Release|Any CPU.ActiveCfg = Release|Any CPU
		{6DD1A8AC-D1B1-4C6B-A70B-C2C01DD014E0}.Release|Any CPU.Build.0 = Release|Any CPU
		{6DD1A8AC-D1B1-4C6B-A70B-C2C01DD014E0}.Release|x64.ActiveCfg = Release|Any CPU
		{6DD1A8AC-D1B1-4C6B-A70B-C2C01DD014E0}.Release|x64.Build.0 = Release|Any CPU
		{6DD1A8AC-D1B1-4C6B-A70B-C2C01DD014E0}.Release|x86.ActiveCfg = Release|Any CPU
		{6DD1A8AC-D1B1-4C6B-A70B-C2C01DD014E0}.Release|x86.Build.0 = Release|Any CPU
	EndGlobalSection
	GlobalSection(SolutionProperties) = preSolution
		HideSolutionNode = FALSE
	EndGlobalSection
	GlobalSection(NestedProjects) = preSolution
		{990F208B-8E20-4798-9297-7BB9C2C2D78E} = {04252BA6-B404-FD3B-81B5-D989EEE58EED}
		{C001F07B-93E5-D40E-F153-5EC71665596B} = {0AB3BF05-4346-4AA6-1389-037BE0695223}
		{6DD1A8AC-D1B1-4C6B-A70B-C2C01DD014E0} = {C001F07B-93E5-D40E-F153-5EC71665596B}
	EndGlobalSection
	GlobalSection(ExtensibilityGlobals) = postSolution
		SolutionGuid = {39A3CAAB-C6B4-4955-A82D-137293A88482}
	EndGlobalSection
EndGlobal
